
Microsoft Visual Studio Solution File, Format Version 12.00
# Visual Studio 2013
VisualStudioVersion = 12.0.21005.1
MinimumVisualStudioVersion = 10.0.40219.1
Project("{D2ABAB84-BF74-430A-B69E-9DC6D40DDA17}") = "SSASDemo_InternetSales", "SSASDemo_InternetSales\SSASDemo_InternetSales.dwproj", "{B3CD33AA-A2B6-4FE8-A431-6FAAEAAE35FA}"
EndProject
Global
	GlobalSection(SolutionConfigurationPlatforms) = preSolution
		Development|Default = Development|Default
	EndGlobalSection
	GlobalSection(ProjectConfigurationPlatforms) = postSolution
		{B3CD33AA-A2B6-4FE8-A431-6FAAEAAE35FA}.Development|Default.ActiveCfg = Development
		{B3CD33AA-A2B6-4FE8-A431-6FAAEAAE35FA}.Development|Default.Build.0 = Development
		{B3CD33AA-A2B6-4FE8-A431-6FAAEAAE35FA}.Development|Default.Deploy.0 = Development
	EndGlobalSection
	GlobalSection(SolutionProperties) = preSolution
		HideSolutionNode = FALSE
	EndGlobalSection
EndGlobal
